
Microsoft Visual Studio Solution File, Format Version 12.00
# Visual Studio Version 16
VisualStudioVersion = 16.0.31729.503
MinimumVisualStudioVersion = 10.0.40219.1
Project("{FAE04EC0-301F-11D3-BF4B-00C04F79EFBC}") = "APS_Front.Android", "APS_Front\APS_Front.Android\APS_Front.Android.csproj", "{9D6661C5-8812-4D13-87B8-A0C3CE5D1B8F}"
EndProject
Project("{FAE04EC0-301F-11D3-BF4B-00C04F79EFBC}") = "APS_Front.iOS", "APS_Front\APS_Front.iOS\APS_Front.iOS.csproj", "{EBBED90F-F0CE-4F37-9019-10A72D3CD6A7}"
EndProject
Project("{FAE04EC0-301F-11D3-BF4B-00C04F79EFBC}") = "APS_Front", "APS_Front\APS_Front\APS_Front.csproj", "{271F7C9B-4D32-4832-A71B-14567093F160}"
EndProject
Global
	GlobalSection(SolutionConfigurationPlatforms) = preSolution
		Debug|Any CPU = Debug|Any CPU
		Debug|iPhone = Debug|iPhone
		Debug|iPhoneSimulator = Debug|iPhoneSimulator
		Release|Any CPU = Release|Any CPU
		Release|iPhone = Release|iPhone
		Release|iPhoneSimulator = Release|iPhoneSimulator
	EndGlobalSection
	GlobalSection(ProjectConfigurationPlatforms) = postSolution
		{9D6661C5-8812-4D13-87B8-A0C3CE5D1B8F}.Debug|Any CPU.ActiveCfg = Debug|Any CPU
		{9D6661C5-8812-4D13-87B8-A0C3CE5D1B8F}.Debug|Any CPU.Build.0 = Debug|Any CPU
		{9D6661C5-8812-4D13-87B8-A0C3CE5D1B8F}.Debug|Any CPU.Deploy.0 = Debug|Any CPU
		{9D6661C5-8812-4D13-87B8-A0C3CE5D1B8F}.Debug|iPhone.ActiveCfg = Debug|Any CPU
		{9D6661C5-8812-4D13-87B8-A0C3CE5D1B8F}.Debug|iPhone.Build.0 = Debug|Any CPU
		{9D6661C5-8812-4D13-87B8-A0C3CE5D1B8F}.Debug|iPhone.Deploy.0 = Debug|Any CPU
		{9D6661C5-8812-4D13-87B8-A0C3CE5D1B8F}.Debug|iPhoneSimulator.ActiveCfg = Debug|Any CPU
		{9D6661C5-8812-4D13-87B8-A0C3CE5D1B8F}.Debug|iPhoneSimulator.Build.0 = Debug|Any CPU
		{9D6661C5-8812-4D13-87B8-A0C3CE5D1B8F}.Debug|iPhoneSimulator.Deploy.0 = Debug|Any CPU
		{9D6661C5-8812-4D13-87B8-A0C3CE5D1B8F}.Release|Any CPU.ActiveCfg = Release|Any CPU
		{9D6661C5-8812-4D13-87B8-A0C3CE5D1B8F}.Release|Any CPU.Build.0 = Release|Any CPU
		{9D6661C5-8812-4D13-87B8-A0C3CE5D1B8F}.Release|Any CPU.Deploy.0 = Release|Any CPU
		{9D6661C5-8812-4D13-87B8-A0C3CE5D1B8F}.Release|iPhone.ActiveCfg = Release|Any CPU
		{9D6661C5-8812-4D13-87B8-A0C3CE5D1B8F}.Release|iPhone.Build.0 = Release|Any CPU
		{9D6661C5-8812-4D13-87B8-A0C3CE5D1B8F}.Release|iPhone.Deploy.0 = Release|Any CPU
		{9D6661C5-8812-4D13-87B8-A0C3CE5D1B8F}.Release|iPhoneSimulator.ActiveCfg = Release|Any CPU
		{9D6661C5-8812-4D13-87B8-A0C3CE5D1B8F}.Release|iPhoneSimulator.Build.0 = Release|Any CPU
		{9D6661C5-8812-4D13-87B8-A0C3CE5D1B8F}.Release|iPhoneSimulator.Deploy.0 = Release|Any CPU
		{EBBED90F-F0CE-4F37-9019-10A72D3CD6A7}.Debug|Any CPU.ActiveCfg = Debug|iPhone
		{EBBED90F-F0CE-4F37-9019-10A72D3CD6A7}.Debug|Any CPU.Build.0 = Debug|iPhone
		{EBBED90F-F0CE-4F37-9019-10A72D3CD6A7}.Debug|Any CPU.Deploy.0 = Debug|iPhone
		{EBBED90F-F0CE-4F37-9019-10A72D3CD6A7}.Debug|iPhone.ActiveCfg = Debug|iPhone
		{EBBED90F-F0CE-4F37-9019-10A72D3CD6A7}.Debug|iPhone.Build.0 = Debug|iPhone
		{EBBED90F-F0CE-4F37-9019-10A72D3CD6A7}.Debug|iPhone.Deploy.0 = Debug|iPhone
		{EBBED90F-F0CE-4F37-9019-10A72D3CD6A7}.Debug|iPhoneSimulator.ActiveCfg = Debug|iPhoneSimulator
		{EBBED90F-F0CE-4F37-9019-10A72D3CD6A7}.Debug|iPhoneSimulator.Build.0 = Debug|iPhoneSimulator
		{EBBED90F-F0CE-4F37-9019-10A72D3CD6A7}.Debug|iPhoneSimulator.Deploy.0 = Debug|iPhoneSimulator
		{EBBED90F-F0CE-4F37-9019-10A72D3CD6A7}.Release|Any CPU.ActiveCfg = Release|iPhoneSimulator
		{EBBED90F-F0CE-4F37-9019-10A72D3CD6A7}.Release|Any CPU.Build.0 = Release|iPhoneSimulator
		{EBBED90F-F0CE-4F37-9019-10A72D3CD6A7}.Release|Any CPU.Deploy.0 = Release|iPhoneSimulator
		{EBBED90F-F0CE-4F37-9019-10A72D3CD6A7}.Release|iPhone.ActiveCfg = Release|iPhone
		{EBBED90F-F0CE-4F37-9019-10A72D3CD6A7}.Release|iPhone.Build.0 = Release|iPhone
		{EBBED90F-F0CE-4F37-9019-10A72D3CD6A7}.Release|iPhone.Deploy.0 = Release|iPhone
		{EBBED90F-F0CE-4F37-9019-10A72D3CD6A7}.Release|iPhoneSimulator.ActiveCfg = Release|iPhoneSimulator
		{EBBED90F-F0CE-4F37-9019-10A72D3CD6A7}.Release|iPhoneSimulator.Build.0 = Release|iPhoneSimulator
		{EBBED90F-F0CE-4F37-9019-10A72D3CD6A7}.Release|iPhoneSimulator.Deploy.0 = Release|iPhoneSimulator
		{271F7C9B-4D32-4832-A71B-14567093F160}.Debug|Any CPU.ActiveCfg = Debug|Any CPU
		{271F7C9B-4D32-4832-A71B-14567093F160}.Debug|Any CPU.Build.0 = Debug|Any CPU
		{271F7C9B-4D32-4832-A71B-14567093F160}.Debug|Any CPU.Deploy.0 = Debug|Any CPU
		{271F7C9B-4D32-4832-A71B-14567093F160}.Debug|iPhone.ActiveCfg = Debug|Any CPU
		{271F7C9B-4D32-4832-A71B-14567093F160}.Debug|iPhone.Build.0 = Debug|Any CPU
		{271F7C9B-4D32-4832-A71B-14567093F160}.Debug|iPhone.Deploy.0 = Debug|Any CPU
		{271F7C9B-4D32-4832-A71B-14567093F160}.Debug|iPhoneSimulator.ActiveCfg = Debug|Any CPU
		{271F7C9B-4D32-4832-A71B-14567093F160}.Debug|iPhoneSimulator.Build.0 = Debug|Any CPU
		{271F7C9B-4D32-4832-A71B-14567093F160}.Debug|iPhoneSimulator.Deploy.0 = Debug|Any CPU
		{271F7C9B-4D32-4832-A71B-14567093F160}.Release|Any CPU.ActiveCfg = Release|Any CPU
		{271F7C9B-4D32-4832-A71B-14567093F160}.Release|Any CPU.Build.0 = Release|Any CPU
		{271F7C9B-4D32-4832-A71B-14567093F160}.Release|Any CPU.Deploy.0 = Release|Any CPU
		{271F7C9B-4D32-4832-A71B-14567093F160}.Release|iPhone.ActiveCfg = Release|Any CPU
		{271F7C9B-4D32-4832-A71B-14567093F160}.Release|iPhone.Build.0 = Release|Any CPU
		{271F7C9B-4D32-4832-A71B-14567093F160}.Release|iPhone.Deploy.0 = Release|Any CPU
		{271F7C9B-4D32-4832-A71B-14567093F160}.Release|iPhoneSimulator.ActiveCfg = Release|Any CPU
		{271F7C9B-4D32-4832-A71B-14567093F160}.Release|iPhoneSimulator.Build.0 = Release|Any CPU
		{271F7C9B-4D32-4832-A71B-14567093F160}.Release|iPhoneSimulator.Deploy.0 = Release|Any CPU
	EndGlobalSection
	GlobalSection(SolutionProperties) = preSolution
		HideSolutionNode = FALSE
	EndGlobalSection
	GlobalSection(ExtensibilityGlobals) = postSolution
		SolutionGuid = {18112250-D936-4968-970E-DC5C2AC39147}
	EndGlobalSection
EndGlobal
